{
  "name": "trabalho",
  "version": "1.0.0",
  "lockfileVersion": 1,
  "requires": true,
  "dependencies": {
    "w3-css": {
      "version": "4.1.0",
      "resolved": "https://registry.npmjs.org/w3-css/-/w3-css-4.1.0.tgz",
      "integrity": "sha512-nBomstRa3ITEDFG3EsYvVijueT3O1iwmjf96656VOR2BG6cwfkKwtwy/Gat7golUaA9ULPZPpo/Vj+3mYkeVfw=="
    }
  }
}
